
Microsoft Visual Studio Solution File, Format Version 12.00
# Visual Studio Version 17
VisualStudioVersion = 17.7.34031.279
MinimumVisualStudioVersion = 10.0.40219.1
Project("{FAE04EC0-301F-11D3-BF4B-00C04F79EFBC}") = "Sorted Coding Test", "Sorted Coding Test\Sorted Coding Test.csproj", "{3C08AF21-61E4-42F4-A4F1-9AC67EC8FAFE}"
EndProject
Project("{FAE04EC0-301F-11D3-BF4B-00C04F79EFBC}") = "RainfallAPIAdapter", "RainfallAPIAdapter\RainfallAPIAdapter.csproj", "{0E9ACDB8-41CF-4624-951D-32994881ABC0}"
EndProject
Global
	GlobalSection(SolutionConfigurationPlatforms) = preSolution
		Debug|Any CPU = Debug|Any CPU
		Release|Any CPU = Release|Any CPU
	EndGlobalSection
	GlobalSection(ProjectConfigurationPlatforms) = postSolution
		{3C08AF21-61E4-42F4-A4F1-9AC67EC8FAFE}.Debug|Any CPU.ActiveCfg = Debug|Any CPU
		{3C08AF21-61E4-42F4-A4F1-9AC67EC8FAFE}.Debug|Any CPU.Build.0 = Debug|Any CPU
		{3C08AF21-61E4-42F4-A4F1-9AC67EC8FAFE}.Release|Any CPU.ActiveCfg = Release|Any CPU
		{3C08AF21-61E4-42F4-A4F1-9AC67EC8FAFE}.Release|Any CPU.Build.0 = Release|Any CPU
		{0E9ACDB8-41CF-4624-951D-32994881ABC0}.Debug|Any CPU.ActiveCfg = Debug|Any CPU
		{0E9ACDB8-41CF-4624-951D-32994881ABC0}.Debug|Any CPU.Build.0 = Debug|Any CPU
		{0E9ACDB8-41CF-4624-951D-32994881ABC0}.Release|Any CPU.ActiveCfg = Release|Any CPU
		{0E9ACDB8-41CF-4624-951D-32994881ABC0}.Release|Any CPU.Build.0 = Release|Any CPU
	EndGlobalSection
	GlobalSection(SolutionProperties) = preSolution
		HideSolutionNode = FALSE
	EndGlobalSection
	GlobalSection(ExtensibilityGlobals) = postSolution
		SolutionGuid = {D4FABB97-84A4-4D57-8478-5FE7CD4B55C0}
	EndGlobalSection
EndGlobal
